
Microsoft Visual Studio Solution File, Format Version 12.00
# Visual Studio 2012
Project("{FAE04EC0-301F-11D3-BF4B-00C04F79EFBC}") = "WhatsappChatParser", "WhatsappChatParser\WhatsappChatParser.csproj", "{AC2C4027-CE84-47B2-952D-BED737226456}"
EndProject
Global
	GlobalSection(SolutionConfigurationPlatforms) = preSolution
		Debug|Any CPU = Debug|Any CPU
		Release|Any CPU = Release|Any CPU
	EndGlobalSection
	GlobalSection(ProjectConfigurationPlatforms) = postSolution
		{AC2C4027-CE84-47B2-952D-BED737226456}.Debug|Any CPU.ActiveCfg = Debug|Any CPU
		{AC2C4027-CE84-47B2-952D-BED737226456}.Debug|Any CPU.Build.0 = Debug|Any CPU
		{AC2C4027-CE84-47B2-952D-BED737226456}.Release|Any CPU.ActiveCfg = Release|Any CPU
		{AC2C4027-CE84-47B2-952D-BED737226456}.Release|Any CPU.Build.0 = Release|Any CPU
	EndGlobalSection
	GlobalSection(SolutionProperties) = preSolution
		HideSolutionNode = FALSE
	EndGlobalSection
EndGlobal
